
Microsoft Visual Studio Solution File, Format Version 12.00
# Visual Studio Version 17
VisualStudioVersion = 17.14.36401.2 d17.14
MinimumVisualStudioVersion = 10.0.40219.1
Project("{FAE04EC0-301F-11D3-BF4B-00C04F79EFBC}") = "StorySpoilerEK", "StorySpoilerEK\StorySpoilerEK.csproj", "{CC3F89A6-BFD3-4E2B-807D-C170E6D2A69A}"
EndProject
Global
	GlobalSection(SolutionConfigurationPlatforms) = preSolution
		Debug|Any CPU = Debug|Any CPU
		Release|Any CPU = Release|Any CPU
	EndGlobalSection
	GlobalSection(ProjectConfigurationPlatforms) = postSolution
		{CC3F89A6-BFD3-4E2B-807D-C170E6D2A69A}.Debug|Any CPU.ActiveCfg = Debug|Any CPU
		{CC3F89A6-BFD3-4E2B-807D-C170E6D2A69A}.Debug|Any CPU.Build.0 = Debug|Any CPU
		{CC3F89A6-BFD3-4E2B-807D-C170E6D2A69A}.Release|Any CPU.ActiveCfg = Release|Any CPU
		{CC3F89A6-BFD3-4E2B-807D-C170E6D2A69A}.Release|Any CPU.Build.0 = Release|Any CPU
	EndGlobalSection
	GlobalSection(SolutionProperties) = preSolution
		HideSolutionNode = FALSE
	EndGlobalSection
	GlobalSection(ExtensibilityGlobals) = postSolution
		SolutionGuid = {2B700E1C-B4FF-4631-819A-03949C43AA90}
	EndGlobalSection
EndGlobal
